// !$*UTF8*$!
{
	archiveVersion = 1;
	classes = {
	};
	objectVersion = 50;
	objects = {

/* Begin PBXBuildFile section */
		F4672B0A2168834E00DC31C9 /* AppDelegate.swift in Sources */ = {isa = PBXBuildFile; fileRef = F4672B092168834E00DC31C9 /* AppDelegate.swift */; };
		F4672B0C2168834E00DC31C9 /* ViewController.swift in Sources */ = {isa = PBXBuildFile; fileRef = F4672B0B2168834E00DC31C9 /* ViewController.swift */; };
		F4672B0F2168834E00DC31C9 /* Main.storyboard in Resources */ = {isa = PBXBuildFile; fileRef = F4672B0D2168834E00DC31C9 /* Main.storyboard */; };
		F4672B112168834F00DC31C9 /* Assets.xcassets in Resources */ = {isa = PBXBuildFile; fileRef = F4672B102168834F00DC31C9 /* Assets.xcassets */; };
		F4672B142168834F00DC31C9 /* LaunchScreen.storyboard in Resources */ = {isa = PBXBuildFile; fileRef = F4672B122168834F00DC31C9 /* LaunchScreen.storyboard */; };
		F4672B1F2168834F00DC31C9 /* todoAppTests.swift in Sources */ = {isa = PBXBuildFile; fileRef = F4672B1E2168834F00DC31C9 /* todoAppTests.swift */; };
		F4672B2A2168834F00DC31C9 /* todoAppUITests.swift in Sources */ = {isa = PBXBuildFile; fileRef = F4672B292168834F00DC31C9 /* todoAppUITests.swift */; };
/* End PBXBuildFile section */

/* Begin PBXContainerItemProxy section */
		F4672B1B2168834F00DC31C9 /* PBXContainerItemProxy */ = {
			isa = PBXContainerItemProxy;
			containerPortal = F4672AFE2168834E00DC31C9 /* Project object */;
			proxyType = 1;
			remoteGlobalIDString = F4672B052168834E00DC31C9;
			remoteInfo = todoApp;
		};
		F4672B262168834F00DC31C9 /* PBXContainerItemProxy */ = {
			isa = PBXContainerItemProxy;
			containerPortal = F4672AFE2168834E00DC31C9 /* Project object */;
			proxyType = 1;
			remoteGlobalIDString = F4672B052168834E00DC31C9;
			remoteInfo = todoApp;
		};
/* End PBXContainerItemProxy section */

/* Begin PBXFileReference section */
		F4672B062168834E00DC31C9 /* todoApp.app */ = {isa = PBXFileReference; explicitFileType = wrapper.application; includeInIndex = 0; path = todoApp.app; sourceTree = BUILT_PRODUCTS_DIR; };
		F4672B092168834E00DC31C9 /* AppDelegate.swift */ = {isa = PBXFileReference; lastKnownFileType = sourcecode.swift; path = AppDelegate.swift; sourceTree = "<group>"; };
		F4672B0B2168834E00DC31C9 /* ViewController.swift */ = {isa = PBXFileReference; lastKnownFileType = sourcecode.swift; path = ViewController.swift; sourceTree = "<group>"; };
		F4672B0E2168834E00DC31C9 /* Base */ = {isa = PBXFileReference; lastKnownFileType = file.storyboard; name = Base; path = Base.lproj/Main.storyboard; sourceTree = "<group>"; };
		F4672B102168834F00DC31C9 /* Assets.xcassets */ = {isa = PBXFileReference; lastKnownFileType = folder.assetcatalog; path = Assets.xcassets; sourceTree = "<group>"; };
		F4672B132168834F00DC31C9 /* Base */ = {isa = PBXFileReference; lastKnownFileType = file.storyboard; name = Base; path = Base.lproj/LaunchScreen.storyboard; sourceTree = "<group>"; };
		F4672B152168834F00DC31C9 /* Info.plist */ = {isa = PBXFileReference; lastKnownFileType = text.plist.xml; path = Info.plist; sourceTree = "<group>"; };
		F4672B1A2168834F00DC31C9 /* todoAppTests.xctest */ = {isa = PBXFileReference; explicitFileType = wrapper.cfbundle; includeInIndex = 0; path = todoAppTests.xctest; sourceTree = BUILT_PRODUCTS_DIR; };
		F4672B1E2168834F00DC31C9 /* todoAppTests.swift */ = {isa = PBXFileReference; lastKnownFileType = sourcecode.swift; path = todoAppTests.swift; sourceTree = "<group>"; };
		F4672B202168834F00DC31C9 /* Info.plist */ = {isa = PBXFileReference; lastKnownFileType = text.plist.xml; path = Info.plist; sourceTree = "<group>"; };
		F4672B252168834F00DC31C9 /* todoAppUITests.xctest */ = {isa = PBXFileReference; explicitFileType = wrapper.cfbundle; includeInIndex = 0; path = todoAppUITests.xctest; sourceTree = BUILT_PRODUCTS_DIR; };
		F4672B292168834F00DC31C9 /* todoAppUITests.swift */ = {isa = PBXFileReference; lastKnownFileType = sourcecode.swift; path = todoAppUITests.swift; sourceTree = "<group>"; };
		F4672B2B2168834F00DC31C9 /* Info.plist */ = {isa = PBXFileReference; lastKnownFileType = text.plist.xml; path = Info.plist; sourceTree = "<group>"; };
/* End PBXFileReference section */

/* Begin PBXFrameworksBuildPhase section */
		F4672B032168834E00DC31C9 /* Frameworks */ = {
			isa = PBXFrameworksBuildPhase;
			buildActionMask = 2147483647;
			files = (
			);
			runOnlyForDeploymentPostprocessing = 0;
		};
		F4672B172168834F00DC31C9 /* Frameworks */ = {
			isa = PBXFrameworksBuildPhase;
			buildActionMask = 2147483647;
			files = (
			);
			runOnlyForDeploymentPostprocessing = 0;
		};
		F4672B222168834F00DC31C9 /* Frameworks */ = {
			isa = PBXFrameworksBuildPhase;
			buildActionMask = 2147483647;
			files = (
			);
			runOnlyForDeploymentPostprocessing = 0;
		};
/* End PBXFrameworksBuildPhase section */

/* Begin PBXGroup section */
		F4672AFD2168834E00DC31C9 = {
			isa = PBXGroup;
			children = (
				F4672B082168834E00DC31C9 /* todoApp */,
				F4672B1D2168834F00DC31C9 /* todoAppTests */,
				F4672B282168834F00DC31C9 /* todoAppUITests */,
				F4672B072168834E00DC31C9 /* Products */,
			);
			sourceTree = "<group>";
		};
		F4672B072168834E00DC31C9 /* Products */ = {
			isa = PBXGroup;
			children = (
				F4672B062168834E00DC31C9 /* todoApp.app */,
				F4672B1A2168834F00DC31C9 /* todoAppTests.xctest */,
				F4672B252168834F00DC31C9 /* todoAppUITests.xctest */,
			);
			name = Products;
			sourceTree = "<group>";
		};
		F4672B082168834E00DC31C9 /* todoApp */ = {
			isa = PBXGroup;
			children = (
				F4672B092168834E00DC31C9 /* AppDelegate.swift */,
				F4672B0B2168834E00DC31C9 /* ViewController.swift */,
				F4672B0D2168834E00DC31C9 /* Main.storyboard */,
				F4672B102168834F00DC31C9 /* Assets.xcassets */,
				F4672B122168834F00DC31C9 /* LaunchScreen.storyboard */,
				F4672B152168834F00DC31C9 /* Info.plist */,
			);
			path = todoApp;
			sourceTree = "<group>";
		};
		F4672B1D2168834F00DC31C9 /* todoAppTests */ = {
			isa = PBXGroup;
			children = (
				F4672B1E2168834F00DC31C9 /* todoAppTests.swift */,
				F4672B202168834F00DC31C9 /* Info.plist */,
			);
			path = todoAppTests;
			sourceTree = "<group>";
		};
		F4672B282168834F00DC31C9 /* todoAppUITests */ = {
			isa = PBXGroup;
			children = (
				F4672B292168834F00DC31C9 /* todoAppUITests.swift */,
				F4672B2B2168834F00DC31C9 /* Info.plist */,
			);
			path = todoAppUITests;
			sourceTree = "<group>";
		};
/* End PBXGroup section */

/* Begin PBXNativeTarget section */
		F4672B052168834E00DC31C9 /* todoApp */ = {
			isa = PBXNativeTarget;
			buildConfigurationList = F4672B2E2168834F00DC31C9 /* Build configuration list for PBXNativeTarget "todoApp" */;
			buildPhases = (
				F4672B022168834E00DC31C9 /* Sources */,
				F4672B032168834E00DC31C9 /* Frameworks */,
				F4672B042168834E00DC31C9 /* Resources */,
			);
			buildRules = (
			);
			dependencies = (
			);
			name = todoApp;
			productName = todoApp;
			productReference = F4672B062168834E00DC31C9 /* todoApp.app */;
			productType = "com.apple.product-type.application";
		};
		F4672B192168834F00DC31C9 /* todoAppTests */ = {
			isa = PBXNativeTarget;
			buildConfigurationList = F4672B312168834F00DC31C9 /* Build configuration list for PBXNativeTarget "todoAppTests" */;
			buildPhases = (
				F4672B162168834F00DC31C9 /* Sources */,
				F4672B172168834F00DC31C9 /* Frameworks */,
				F4672B182168834F00DC31C9 /* Resources */,
			);
			buildRules = (
			);
			dependencies = (
				F4672B1C2168834F00DC31C9 /* PBXTargetDependency */,
			);
			name = todoAppTests;
			productName = todoAppTests;
			productReference = F4672B1A2168834F00DC31C9 /* todoAppTests.xctest */;
			productType = "com.apple.product-type.bundle.unit-test";
		};
		F4672B242168834F00DC31C9 /* todoAppUITests */ = {
			isa = PBXNativeTarget;
			buildConfigurationList = F4672B342168834F00DC31C9 /* Build configuration list for PBXNativeTarget "todoAppUITests" */;
			buildPhases = (
				F4672B212168834F00DC31C9 /* Sources */,
				F4672B222168834F00DC31C9 /* Frameworks */,
				F4672B232168834F00DC31C9 /* Resources */,
			);
			buildRules = (
			);
			dependencies = (
				F4672B272168834F00DC31C9 /* PBXTargetDependency */,
			);
			name = todoAppUITests;
			productName = todoAppUITests;
			productReference = F4672B252168834F00DC31C9 /* todoAppUITests.xctest */;
			productType = "com.apple.product-type.bundle.ui-testing";
		};
/* End PBXNativeTarget section */

/* Begin PBXProject section */
		F4672AFE2168834E00DC31C9 /* Project object */ = {
			isa = PBXProject;
			attributes = {
				LastSwiftUpdateCheck = 0940;
				LastUpgradeCheck = 0940;
				ORGANIZATIONNAME = "米本匡希";
				TargetAttributes = {
					F4672B052168834E00DC31C9 = {
						CreatedOnToolsVersion = 9.4.1;
					};
					F4672B192168834F00DC31C9 = {
						CreatedOnToolsVersion = 9.4.1;
						TestTargetID = F4672B052168834E00DC31C9;
					};
					F4672B242168834F00DC31C9 = {
						CreatedOnToolsVersion = 9.4.1;
						TestTargetID = F4672B052168834E00DC31C9;
					};
				};
			};
			buildConfigurationList = F4672B012168834E00DC31C9 /* Build configuration list for PBXProject "todoApp" */;
			compatibilityVersion = "Xcode 9.3";
			developmentRegion = en;
			hasScannedForEncodings = 0;
			knownRegions = (
				en,
				Base,
			);
			mainGroup = F4672AFD2168834E00DC31C9;
			productRefGroup = F4672B072168834E00DC31C9 /* Products */;
			projectDirPath = "";
			projectRoot = "";
			targets = (
				F4672B052168834E00DC31C9 /* todoApp */,
				F4672B192168834F00DC31C9 /* todoAppTests */,
				F4672B242168834F00DC31C9 /* todoAppUITests */,
			);
		};
/* End PBXProject section */

/* Begin PBXResourcesBuildPhase section */
		F4672B042168834E00DC31C9 /* Resources */ = {
			isa = PBXResourcesBuildPhase;
			buildActionMask = 2147483647;
			files = (
				F4672B142168834F00DC31C9 /* LaunchScreen.storyboard in Resources */,
				F4672B112168834F00DC31C9 /* Assets.xcassets in Resources */,
				F4672B0F2168834E00DC31C9 /* Main.storyboard in Resources */,
			);
			runOnlyForDeploymentPostprocessing = 0;
		};
		F4672B182168834F00DC31C9 /* Resources */ = {
			isa = PBXResourcesBuildPhase;
			buildActionMask = 2147483647;
			files = (
			);
			runOnlyForDeploymentPostprocessing = 0;
		};
		F4672B232168834F00DC31C9 /* Resources */ = {
			isa = PBXResourcesBuildPhase;
			buildActionMask = 2147483647;
			files = (
			);
			runOnlyForDeploymentPostprocessing = 0;
		};
/* End PBXResourcesBuildPhase section */

/* Begin PBXSourcesBuildPhase section */
		F4672B022168834E00DC31C9 /* Sources */ = {
			isa = PBXSourcesBuildPhase;
			buildActionMask = 2147483647;
			files = (
				F4672B0C2168834E00DC31C9 /* ViewController.swift in Sources */,
				F4672B0A2168834E00DC31C9 /* AppDelegate.swift in Sources */,
			);
			runOnlyForDeploymentPostprocessing = 0;
		};
		F4672B162168834F00DC31C9 /* Sources */ = {
			isa = PBXSourcesBuildPhase;
			buildActionMask = 2147483647;
			files = (
				F4672B1F2168834F00DC31C9 /* todoAppTests.swift in Sources */,
			);
			runOnlyForDeploymentPostprocessing = 0;
		};
		F4672B212168834F00DC31C9 /* Sources */ = {
			isa = PBXSourcesBuildPhase;
			buildActionMask = 2147483647;
			files = (
				F4672B2A2168834F00DC31C9 /* todoAppUITests.swift in Sources */,
			);
			runOnlyForDeploymentPostprocessing = 0;
		};
/* End PBXSourcesBuildPhase section */

/* Begin PBXTargetDependency section */
		F4672B1C2168834F00DC31C9 /* PBXTargetDependency */ = {
			isa = PBXTargetDependency;
			target = F4672B052168834E00DC31C9 /* todoApp */;
			targetProxy = F4672B1B2168834F00DC31C9 /* PBXContainerItemProxy */;
		};
		F4672B272168834F00DC31C9 /* PBXTargetDependency */ = {
			isa = PBXTargetDependency;
			target = F4672B052168834E00DC31C9 /* todoApp */;
			targetProxy = F4672B262168834F00DC31C9 /* PBXContainerItemProxy */;
		};
/* End PBXTargetDependency section */

/* Begin PBXVariantGroup section */
		F4672B0D2168834E00DC31C9 /* Main.storyboard */ = {
			isa = PBXVariantGroup;
			children = (
				F4672B0E2168834E00DC31C9 /* Base */,
			);
			name = Main.storyboard;
			sourceTree = "<group>";
		};
		F4672B122168834F00DC31C9 /* LaunchScreen.storyboard */ = {
			isa = PBXVariantGroup;
			children = (
				F4672B132168834F00DC31C9 /* Base */,
			);
			name = LaunchScreen.storyboard;
			sourceTree = "<group>";
		};
/* End PBXVariantGroup section */

/* Begin XCBuildConfiguration section */
		F4672B2C2168834F00DC31C9 /* Debug */ = {
			isa = XCBuildConfiguration;
			buildSettings = {
				ALWAYS_SEARCH_USER_PATHS = NO;
				CLANG_ANALYZER_NONNULL = YES;
				CLANG_ANALYZER_NUMBER_OBJECT_CONVERSION = YES_AGGRESSIVE;
				CLANG_CXX_LANGUAGE_STANDARD = "gnu++14";
				CLANG_CXX_LIBRARY = "libc++";
				CLANG_ENABLE_MODULES = YES;
				CLANG_ENABLE_OBJC_ARC = YES;
				CLANG_ENABLE_OBJC_WEAK = YES;
				CLANG_WARN_BLOCK_CAPTURE_AUTORELEASING = YES;
				CLANG_WARN_BOOL_CONVERSION = YES;
				CLANG_WARN_COMMA = YES;
				CLANG_WARN_CONSTANT_CONVERSION = YES;
				CLANG_WARN_DEPRECATED_OBJC_IMPLEMENTATIONS = YES;
				CLANG_WARN_DIRECT_OBJC_ISA_USAGE = YES_ERROR;
				CLANG_WARN_DOCUMENTATION_COMMENTS = YES;
				CLANG_WARN_EMPTY_BODY = YES;
				CLANG_WARN_ENUM_CONVERSION = YES;
				CLANG_WARN_INFINITE_RECURSION = YES;
				CLANG_WARN_INT_CONVERSION = YES;
				CLANG_WARN_NON_LITERAL_NULL_CONVERSION = YES;
				CLANG_WARN_OBJC_IMPLICIT_RETAIN_SELF = YES;
				CLANG_WARN_OBJC_LITERAL_CONVERSION = YES;
				CLANG_WARN_OBJC_ROOT_CLASS = YES_ERROR;
				CLANG_WARN_RANGE_LOOP_ANALYSIS = YES;
				CLANG_WARN_STRICT_PROTOTYPES = YES;
				CLANG_WARN_SUSPICIOUS_MOVE = YES;
				CLANG_WARN_UNGUARDED_AVAILABILITY = YES_AGGRESSIVE;
				CLANG_WARN_UNREACHABLE_CODE = YES;
				CLANG_WARN__DUPLICATE_METHOD_MATCH = YES;
				CODE_SIGN_IDENTITY = "iPhone Developer";
				COPY_PHASE_STRIP = NO;
				DEBUG_INFORMATION_FORMAT = dwarf;
				ENABLE_STRICT_OBJC_MSGSEND = YES;
				ENABLE_TESTABILITY = YES;
				GCC_C_LANGUAGE_STANDARD = gnu11;
				GCC_DYNAMIC_NO_PIC = NO;
				GCC_NO_COMMON_BLOCKS = YES;
				GCC_OPTIMIZATION_LEVEL = 0;
				GCC_PREPROCESSOR_DEFINITIONS = (
					"DEBUG=1",
					"$(inherited)",
				);
				GCC_WARN_64_TO_32_BIT_CONVERSION = YES;
				GCC_WARN_ABOUT_RETURN_TYPE = YES_ERROR;
				GCC_WARN_UNDECLARED_SELECTOR = YES;
				GCC_WARN_UNINITIALIZED_AUTOS = YES_AGGRESSIVE;
				GCC_WARN_UNUSED_FUNCTION = YES;
				GCC_WARN_UNUSED_VARIABLE = YES;
				IPHONEOS_DEPLOYMENT_TARGET = 11.4;
				MTL_ENABLE_DEBUG_INFO = YES;
				ONLY_ACTIVE_ARCH = YES;
				SDKROOT = iphoneos;
				SWIFT_ACTIVE_COMPILATION_CONDITIONS = DEBUG;
				SWIFT_OPTIMIZATION_LEVEL = "-Onone";
			};
			name = Debug;
		};
		F4672B2D2168834F00DC31C9 /* Release */ = {
			isa = XCBuildConfiguration;
			buildSettings = {
				ALWAYS_SEARCH_USER_PATHS = NO;
				CLANG_ANALYZER_NONNULL = YES;
				CLANG_ANALYZER_NUMBER_OBJECT_CONVERSION = YES_AGGRESSIVE;
				CLANG_CXX_LANGUAGE_STANDARD = "gnu++14";
				CLANG_CXX_LIBRARY = "libc++";
				CLANG_ENABLE_MODULES = YES;
				CLANG_ENABLE_OBJC_ARC = YES;
				CLANG_ENABLE_OBJC_WEAK = YES;
				CLANG_WARN_BLOCK_CAPTURE_AUTORELEASING = YES;
				CLANG_WARN_BOOL_CONVERSION = YES;
				CLANG_WARN_COMMA = YES;
				CLANG_WARN_CONSTANT_CONVERSION = YES;
				CLANG_WARN_DEPRECATED_OBJC_IMPLEMENTATIONS = YES;
				CLANG_WARN_DIRECT_OBJC_ISA_USAGE = YES_ERROR;
				CLANG_WARN_DOCUMENTATION_COMMENTS = YES;
				CLANG_WARN_EMPTY_BODY = YES;
				CLANG_WARN_ENUM_CONVERSION = YES;
				CLANG_WARN_INFINITE_RECURSION = YES;
				CLANG_WARN_INT_CONVERSION = YES;
				CLANG_WARN_NON_LITERAL_NULL_CONVERSION = YES;
				CLANG_WARN_OBJC_IMPLICIT_RETAIN_SELF = YES;
				CLANG_WARN_OBJC_LITERAL_CONVERSION = YES;
				CLANG_WARN_OBJC_ROOT_CLASS = YES_ERROR;
				CLANG_WARN_RANGE_LOOP_ANALYSIS = YES;
				CLANG_WARN_STRICT_PROTOTYPES = YES;
				CLANG_WARN_SUSPICIOUS_MOVE = YES;
				CLANG_WARN_UNGUARDED_AVAILABILITY = YES_AGGRESSIVE;
				CLANG_WARN_UNREACHABLE_CODE = YES;
				CLANG_WARN__DUPLICATE_METHOD_MATCH = YES;
				CODE_SIGN_IDENTITY = "iPhone Developer";
				COPY_PHASE_STRIP = NO;
				DEBUG_INFORMATION_FORMAT = "dwarf-with-dsym";
				ENABLE_NS_ASSERTIONS = NO;
				ENABLE_STRICT_OBJC_MSGSEND = YES;
				GCC_C_LANGUAGE_STANDARD = gnu11;
				GCC_NO_COMMON_BLOCKS = YES;
				GCC_WARN_64_TO_32_BIT_CONVERSION = YES;
				GCC_WARN_ABOUT_RETURN_TYPE = YES_ERROR;
				GCC_WARN_UNDECLARED_SELECTOR = YES;
				GCC_WARN_UNINITIALIZED_AUTOS = YES_AGGRESSIVE;
				GCC_WARN_UNUSED_FUNCTION = YES;
				GCC_WARN_UNUSED_VARIABLE = YES;
				IPHONEOS_DEPLOYMENT_TARGET = 11.4;
				MTL_ENABLE_DEBUG_INFO = NO;
				SDKROOT = iphoneos;
				SWIFT_COMPILATION_MODE = wholemodule;
				SWIFT_OPTIMIZATION_LEVEL = "-O";
				VALIDATE_PRODUCT = YES;
			};
			name = Release;
		};
		F4672B2F2168834F00DC31C9 /* Debug */ = {
			isa = XCBuildConfiguration;
			buildSettings = {
				ASSETCATALOG_COMPILER_APPICON_NAME = AppIcon;
				CODE_SIGN_STYLE = Automatic;
				INFOPLIST_FILE = todoApp/Info.plist;
				LD_RUNPATH_SEARCH_PATHS = (
					"$(inherited)",
					"@executable_path/Frameworks",
				);
				PRODUCT_BUNDLE_IDENTIFIER = house.todoApp;
				PRODUCT_NAME = "$(TARGET_NAME)";
				SWIFT_VERSION = 4.0;
				TARGETED_DEVICE_FAMILY = "1,2";
			};
			name = Debug;
		};
		F4672B302168834F00DC31C9 /* Release */ = {
			isa = XCBuildConfiguration;
			buildSettings = {
				ASSETCATALOG_COMPILER_APPICON_NAME = AppIcon;
				CODE_SIGN_STYLE = Automatic;
				INFOPLIST_FILE = todoApp/Info.plist;
				LD_RUNPATH_SEARCH_PATHS = (
					"$(inherited)",
					"@executable_path/Frameworks",
				);
				PRODUCT_BUNDLE_IDENTIFIER = house.todoApp;
				PRODUCT_NAME = "$(TARGET_NAME)";
				SWIFT_VERSION = 4.0;
				TARGETED_DEVICE_FAMILY = "1,2";
			};
			name = Release;
		};
		F4672B322168834F00DC31C9 /* Debug */ = {
			isa = XCBuildConfiguration;
			buildSettings = {
				ALWAYS_EMBED_SWIFT_STANDARD_LIBRARIES = YES;
				BUNDLE_LOADER = "$(TEST_HOST)";
				CODE_SIGN_STYLE = Automatic;
				INFOPLIST_FILE = todoAppTests/Info.plist;
				LD_RUNPATH_SEARCH_PATHS = (
					"$(inherited)",
					"@executable_path/Frameworks",
					"@loader_path/Frameworks",
				);
				PRODUCT_BUNDLE_IDENTIFIER = house.todoAppTests;
				PRODUCT_NAME = "$(TARGET_NAME)";
				SWIFT_VERSION = 4.0;
				TARGETED_DEVICE_FAMILY = "1,2";
				TEST_HOST = "$(BUILT_PRODUCTS_DIR)/todoApp.app/todoApp";
			};
			name = Debug;
		};
		F4672B332168834F00DC31C9 /* Release */ = {
			isa = XCBuildConfiguration;
			buildSettings = {
				ALWAYS_EMBED_SWIFT_STANDARD_LIBRARIES = YES;
				BUNDLE_LOADER = "$(TEST_HOST)";
				CODE_SIGN_STYLE = Automatic;
				INFOPLIST_FILE = todoAppTests/Info.plist;
				LD_RUNPATH_SEARCH_PATHS = (
					"$(inherited)",
					"@executable_path/Frameworks",
					"@loader_path/Frameworks",
				);
				PRODUCT_BUNDLE_IDENTIFIER = house.todoAppTests;
				PRODUCT_NAME = "$(TARGET_NAME)";
				SWIFT_VERSION = 4.0;
				TARGETED_DEVICE_FAMILY = "1,2";
				TEST_HOST = "$(BUILT_PRODUCTS_DIR)/todoApp.app/todoApp";
			};
			name = Release;
		};
		F4672B352168834F00DC31C9 /* Debug */ = {
			isa = XCBuildConfiguration;
			buildSettings = {
				ALWAYS_EMBED_SWIFT_STANDARD_LIBRARIES = YES;
				CODE_SIGN_STYLE = Automatic;
				INFOPLIST_FILE = todoAppUITests/Info.plist;
				LD_RUNPATH_SEARCH_PATHS = (
					"$(inherited)",
					"@executable_path/Frameworks",
					"@loader_path/Frameworks",
				);
				PRODUCT_BUNDLE_IDENTIFIER = house.todoAppUITests;
				PRODUCT_NAME = "$(TARGET_NAME)";
				SWIFT_VERSION = 4.0;
				TARGETED_DEVICE_FAMILY = "1,2";
				TEST_TARGET_NAME = todoApp;
			};
			name = Debug;
		};
		F4672B362168834F00DC31C9 /* Release */ = {
			isa = XCBuildConfiguration;
			buildSettings = {
				ALWAYS_EMBED_SWIFT_STANDARD_LIBRARIES = YES;
				CODE_SIGN_STYLE = Automatic;
				INFOPLIST_FILE = todoAppUITests/Info.plist;
				LD_RUNPATH_SEARCH_PATHS = (
					"$(inherited)",
					"@executable_path/Frameworks",
					"@loader_path/Frameworks",
				);
				PRODUCT_BUNDLE_IDENTIFIER = house.todoAppUITests;
				PRODUCT_NAME = "$(TARGET_NAME)";
				SWIFT_VERSION = 4.0;
				TARGETED_DEVICE_FAMILY = "1,2";
				TEST_TARGET_NAME = todoApp;
			};
			name = Release;
		};
/* End XCBuildConfiguration section */

/* Begin XCConfigurationList section */
		F4672B012168834E00DC31C9 /* Build configuration list for PBXProject "todoApp" */ = {
			isa = XCConfigurationList;
			buildConfigurations = (
				F4672B2C2168834F00DC31C9 /* Debug */,
				F4672B2D2168834F00DC31C9 /* Release */,
			);
			defaultConfigurationIsVisible = 0;
			defaultConfigurationName = Release;
		};
		F4672B2E2168834F00DC31C9 /* Build configuration list for PBXNativeTarget "todoApp" */ = {
			isa = XCConfigurationList;
			buildConfigurations = (
				F4672B2F2168834F00DC31C9 /* Debug */,
				F4672B302168834F00DC31C9 /* Release */,
			);
			defaultConfigurationIsVisible = 0;
			defaultConfigurationName = Release;
		};
		F4672B312168834F00DC31C9 /* Build configuration list for PBXNativeTarget "todoAppTests" */ = {
			isa = XCConfigurationList;
			buildConfigurations = (
				F4672B322168834F00DC31C9 /* Debug */,
				F4672B332168834F00DC31C9 /* Release */,
			);
			defaultConfigurationIsVisible = 0;
			defaultConfigurationName = Release;
		};
		F4672B342168834F00DC31C9 /* Build configuration list for PBXNativeTarget "todoAppUITests" */ = {
			isa = XCConfigurationList;
			buildConfigurations = (
				F4672B352168834F00DC31C9 /* Debug */,
				F4672B362168834F00DC31C9 /* Release */,
			);
			defaultConfigurationIsVisible = 0;
			defaultConfigurationName = Release;
		};
/* End XCConfigurationList section */
	};
	rootObject = F4672AFE2168834E00DC31C9 /* Project object */;
}
